// !$*UTF8*$!
{
	archiveVersion = 1;
	classes = {
	};
	objectVersion = 46;
	objects = {

/* Begin PBXBuildFile section */
		B85715C31B13D68F0098B8AC /* AppDelegate.swift in Sources */ = {isa = PBXBuildFile; fileRef = B85715C21B13D68F0098B8AC /* AppDelegate.swift */; };
		B85715C51B13D68F0098B8AC /* ViewController.swift in Sources */ = {isa = PBXBuildFile; fileRef = B85715C41B13D68F0098B8AC /* ViewController.swift */; };
		B85715C81B13D68F0098B8AC /* Main.storyboard in Resources */ = {isa = PBXBuildFile; fileRef = B85715C61B13D68F0098B8AC /* Main.storyboard */; };
		B85715CA1B13D68F0098B8AC /* Images.xcassets in Resources */ = {isa = PBXBuildFile; fileRef = B85715C91B13D68F0098B8AC /* Images.xcassets */; };
		B85715CD1B13D68F0098B8AC /* LaunchScreen.xib in Resources */ = {isa = PBXBuildFile; fileRef = B85715CB1B13D68F0098B8AC /* LaunchScreen.xib */; };
		B85715D91B13D68F0098B8AC /* warTests.swift in Sources */ = {isa = PBXBuildFile; fileRef = B85715D81B13D68F0098B8AC /* warTests.swift */; };
/* End PBXBuildFile section */

/* Begin PBXContainerItemProxy section */
		B85715D31B13D68F0098B8AC /* PBXContainerItemProxy */ = {
			isa = PBXContainerItemProxy;
			containerPortal = B85715B51B13D68F0098B8AC /* Project object */;
			proxyType = 1;
			remoteGlobalIDString = B85715BC1B13D68F0098B8AC;
			remoteInfo = war;
		};
/* End PBXContainerItemProxy section */

/* Begin PBXFileReference section */
		B85715BD1B13D68F0098B8AC /* war.app */ = {isa = PBXFileReference; explicitFileType = wrapper.application; includeInIndex = 0; path = war.app; sourceTree = BUILT_PRODUCTS_DIR; };
		B85715C11B13D68F0098B8AC /* Info.plist */ = {isa = PBXFileReference; lastKnownFileType = text.plist.xml; path = Info.plist; sourceTree = "<group>"; };
		B85715C21B13D68F0098B8AC /* AppDelegate.swift */ = {isa = PBXFileReference; lastKnownFileType = sourcecode.swift; path = AppDelegate.swift; sourceTree = "<group>"; };
		B85715C41B13D68F0098B8AC /* ViewController.swift */ = {isa = PBXFileReference; lastKnownFileType = sourcecode.swift; path = ViewController.swift; sourceTree = "<group>"; };
		B85715C71B13D68F0098B8AC /* Base */ = {isa = PBXFileReference; lastKnownFileType = file.storyboard; name = Base; path = Base.lproj/Main.storyboard; sourceTree = "<group>"; };
		B85715C91B13D68F0098B8AC /* Images.xcassets */ = {isa = PBXFileReference; lastKnownFileType = folder.assetcatalog; path = Images.xcassets; sourceTree = "<group>"; };
		B85715CC1B13D68F0098B8AC /* Base */ = {isa = PBXFileReference; lastKnownFileType = file.xib; name = Base; path = Base.lproj/LaunchScreen.xib; sourceTree = "<group>"; };
		B85715D21B13D68F0098B8AC /* warTests.xctest */ = {isa = PBXFileReference; explicitFileType = wrapper.cfbundle; includeInIndex = 0; path = warTests.xctest; sourceTree = BUILT_PRODUCTS_DIR; };
		B85715D71B13D68F0098B8AC /* Info.plist */ = {isa = PBXFileReference; lastKnownFileType = text.plist.xml; path = Info.plist; sourceTree = "<group>"; };
		B85715D81B13D68F0098B8AC /* warTests.swift */ = {isa = PBXFileReference; lastKnownFileType = sourcecode.swift; path = warTests.swift; sourceTree = "<group>"; };
/* End PBXFileReference section */

/* Begin PBXFrameworksBuildPhase section */
		B85715BA1B13D68F0098B8AC /* Frameworks */ = {
			isa = PBXFrameworksBuildPhase;
			buildActionMask = 2147483647;
			files = (
			);
			runOnlyForDeploymentPostprocessing = 0;
		};
		B85715CF1B13D68F0098B8AC /* Frameworks */ = {
			isa = PBXFrameworksBuildPhase;
			buildActionMask = 2147483647;
			files = (
			);
			runOnlyForDeploymentPostprocessing = 0;
		};
/* End PBXFrameworksBuildPhase section */

/* Begin PBXGroup section */
		B85715B41B13D68F0098B8AC = {
			isa = PBXGroup;
			children = (
				B85715BF1B13D68F0098B8AC /* war */,
				B85715D51B13D68F0098B8AC /* warTests */,
				B85715BE1B13D68F0098B8AC /* Products */,
			);
			sourceTree = "<group>";
		};
		B85715BE1B13D68F0098B8AC /* Products */ = {
			isa = PBXGroup;
			children = (
				B85715BD1B13D68F0098B8AC /* war.app */,
				B85715D21B13D68F0098B8AC /* warTests.xctest */,
			);
			name = Products;
			sourceTree = "<group>";
		};
		B85715BF1B13D68F0098B8AC /* war */ = {
			isa = PBXGroup;
			children = (
				B85715C21B13D68F0098B8AC /* AppDelegate.swift */,
				B85715C41B13D68F0098B8AC /* ViewController.swift */,
				B85715C61B13D68F0098B8AC /* Main.storyboard */,
				B85715C91B13D68F0098B8AC /* Images.xcassets */,
				B85715CB1B13D68F0098B8AC /* LaunchScreen.xib */,
				B85715C01B13D68F0098B8AC /* Supporting Files */,
			);
			path = war;
			sourceTree = "<group>";
		};
		B85715C01B13D68F0098B8AC /* Supporting Files */ = {
			isa = PBXGroup;
			children = (
				B85715C11B13D68F0098B8AC /* Info.plist */,
			);
			name = "Supporting Files";
			sourceTree = "<group>";
		};
		B85715D51B13D68F0098B8AC /* warTests */ = {
			isa = PBXGroup;
			children = (
				B85715D81B13D68F0098B8AC /* warTests.swift */,
				B85715D61B13D68F0098B8AC /* Supporting Files */,
			);
			path = warTests;
			sourceTree = "<group>";
		};
		B85715D61B13D68F0098B8AC /* Supporting Files */ = {
			isa = PBXGroup;
			children = (
				B85715D71B13D68F0098B8AC /* Info.plist */,
			);
			name = "Supporting Files";
			sourceTree = "<group>";
		};
/* End PBXGroup section */

/* Begin PBXNativeTarget section */
		B85715BC1B13D68F0098B8AC /* war */ = {
			isa = PBXNativeTarget;
			buildConfigurationList = B85715DC1B13D68F0098B8AC /* Build configuration list for PBXNativeTarget "war" */;
			buildPhases = (
				B85715B91B13D68F0098B8AC /* Sources */,
				B85715BA1B13D68F0098B8AC /* Frameworks */,
				B85715BB1B13D68F0098B8AC /* Resources */,
			);
			buildRules = (
			);
			dependencies = (
			);
			name = war;
			productName = war;
			productReference = B85715BD1B13D68F0098B8AC /* war.app */;
			productType = "com.apple.product-type.application";
		};
		B85715D11B13D68F0098B8AC /* warTests */ = {
			isa = PBXNativeTarget;
			buildConfigurationList = B85715DF1B13D68F0098B8AC /* Build configuration list for PBXNativeTarget "warTests" */;
			buildPhases = (
				B85715CE1B13D68F0098B8AC /* Sources */,
				B85715CF1B13D68F0098B8AC /* Frameworks */,
				B85715D01B13D68F0098B8AC /* Resources */,
			);
			buildRules = (
			);
			dependencies = (
				B85715D41B13D68F0098B8AC /* PBXTargetDependency */,
			);
			name = warTests;
			productName = warTests;
			productReference = B85715D21B13D68F0098B8AC /* warTests.xctest */;
			productType = "com.apple.product-type.bundle.unit-test";
		};
/* End PBXNativeTarget section */

/* Begin PBXProject section */
		B85715B51B13D68F0098B8AC /* Project object */ = {
			isa = PBXProject;
			attributes = {
				LastUpgradeCheck = 0630;
				ORGANIZATIONNAME = "Mark Morris";
				TargetAttributes = {
					B85715BC1B13D68F0098B8AC = {
						CreatedOnToolsVersion = 6.3.2;
					};
					B85715D11B13D68F0098B8AC = {
						CreatedOnToolsVersion = 6.3.2;
						TestTargetID = B85715BC1B13D68F0098B8AC;
					};
				};
			};
			buildConfigurationList = B85715B81B13D68F0098B8AC /* Build configuration list for PBXProject "war" */;
			compatibilityVersion = "Xcode 3.2";
			developmentRegion = English;
			hasScannedForEncodings = 0;
			knownRegions = (
				en,
				Base,
			);
			mainGroup = B85715B41B13D68F0098B8AC;
			productRefGroup = B85715BE1B13D68F0098B8AC /* Products */;
			projectDirPath = "";
			projectRoot = "";
			targets = (
				B85715BC1B13D68F0098B8AC /* war */,
				B85715D11B13D68F0098B8AC /* warTests */,
			);
		};
/* End PBXProject section */

/* Begin PBXResourcesBuildPhase section */
		B85715BB1B13D68F0098B8AC /* Resources */ = {
			isa = PBXResourcesBuildPhase;
			buildActionMask = 2147483647;
			files = (
				B85715C81B13D68F0098B8AC /* Main.storyboard in Resources */,
				B85715CD1B13D68F0098B8AC /* LaunchScreen.xib in Resources */,
				B85715CA1B13D68F0098B8AC /* Images.xcassets in Resources */,
			);
			runOnlyForDeploymentPostprocessing = 0;
		};
		B85715D01B13D68F0098B8AC /* Resources */ = {
			isa = PBXResourcesBuildPhase;
			buildActionMask = 2147483647;
			files = (
			);
			runOnlyForDeploymentPostprocessing = 0;
		};
/* End PBXResourcesBuildPhase section */

/* Begin PBXSourcesBuildPhase section */
		B85715B91B13D68F0098B8AC /* Sources */ = {
			isa = PBXSourcesBuildPhase;
			buildActionMask = 2147483647;
			files = (
				B85715C51B13D68F0098B8AC /* ViewController.swift in Sources */,
				B85715C31B13D68F0098B8AC /* AppDelegate.swift in Sources */,
			);
			runOnlyForDeploymentPostprocessing = 0;
		};
		B85715CE1B13D68F0098B8AC /* Sources */ = {
			isa = PBXSourcesBuildPhase;
			buildActionMask = 2147483647;
			files = (
				B85715D91B13D68F0098B8AC /* warTests.swift in Sources */,
			);
			runOnlyForDeploymentPostprocessing = 0;
		};
/* End PBXSourcesBuildPhase section */

/* Begin PBXTargetDependency section */
		B85715D41B13D68F0098B8AC /* PBXTargetDependency */ = {
			isa = PBXTargetDependency;
			target = B85715BC1B13D68F0098B8AC /* war */;
			targetProxy = B85715D31B13D68F0098B8AC /* PBXContainerItemProxy */;
		};
/* End PBXTargetDependency section */

/* Begin PBXVariantGroup section */
		B85715C61B13D68F0098B8AC /* Main.storyboard */ = {
			isa = PBXVariantGroup;
			children = (
				B85715C71B13D68F0098B8AC /* Base */,
			);
			name = Main.storyboard;
			sourceTree = "<group>";
		};
		B85715CB1B13D68F0098B8AC /* LaunchScreen.xib */ = {
			isa = PBXVariantGroup;
			children = (
				B85715CC1B13D68F0098B8AC /* Base */,
			);
			name = LaunchScreen.xib;
			sourceTree = "<group>";
		};
/* End PBXVariantGroup section */

/* Begin XCBuildConfiguration section */
		B85715DA1B13D68F0098B8AC /* Debug */ = {
			isa = XCBuildConfiguration;
			buildSettings = {
				ALWAYS_SEARCH_USER_PATHS = NO;
				CLANG_CXX_LANGUAGE_STANDARD = "gnu++0x";
				CLANG_CXX_LIBRARY = "libc++";
				CLANG_ENABLE_MODULES = YES;
				CLANG_ENABLE_OBJC_ARC = YES;
				CLANG_WARN_BOOL_CONVERSION = YES;
				CLANG_WARN_CONSTANT_CONVERSION = YES;
				CLANG_WARN_DIRECT_OBJC_ISA_USAGE = YES_ERROR;
				CLANG_WARN_EMPTY_BODY = YES;
				CLANG_WARN_ENUM_CONVERSION = YES;
				CLANG_WARN_INT_CONVERSION = YES;
				CLANG_WARN_OBJC_ROOT_CLASS = YES_ERROR;
				CLANG_WARN_UNREACHABLE_CODE = YES;
				CLANG_WARN__DUPLICATE_METHOD_MATCH = YES;
				"CODE_SIGN_IDENTITY[sdk=iphoneos*]" = "iPhone Developer";
				COPY_PHASE_STRIP = NO;
				DEBUG_INFORMATION_FORMAT = "dwarf-with-dsym";
				ENABLE_STRICT_OBJC_MSGSEND = YES;
				GCC_C_LANGUAGE_STANDARD = gnu99;
				GCC_DYNAMIC_NO_PIC = NO;
				GCC_NO_COMMON_BLOCKS = YES;
				GCC_OPTIMIZATION_LEVEL = 0;
				GCC_PREPROCESSOR_DEFINITIONS = (
					"DEBUG=1",
					"$(inherited)",
				);
				GCC_SYMBOLS_PRIVATE_EXTERN = NO;
				GCC_WARN_64_TO_32_BIT_CONVERSION = YES;
				GCC_WARN_ABOUT_RETURN_TYPE = YES_ERROR;
				GCC_WARN_UNDECLARED_SELECTOR = YES;
				GCC_WARN_UNINITIALIZED_AUTOS = YES_AGGRESSIVE;
				GCC_WARN_UNUSED_FUNCTION = YES;
				GCC_WARN_UNUSED_VARIABLE = YES;
				IPHONEOS_DEPLOYMENT_TARGET = 8.3;
				MTL_ENABLE_DEBUG_INFO = YES;
				ONLY_ACTIVE_ARCH = YES;
				SDKROOT = iphoneos;
				SWIFT_OPTIMIZATION_LEVEL = "-Onone";
			};
			name = Debug;
		};
		B85715DB1B13D68F0098B8AC /* Release */ = {
			isa = XCBuildConfiguration;
			buildSettings = {
				ALWAYS_SEARCH_USER_PATHS = NO;
				CLANG_CXX_LANGUAGE_STANDARD = "gnu++0x";
				CLANG_CXX_LIBRARY = "libc++";
				CLANG_ENABLE_MODULES = YES;
				CLANG_ENABLE_OBJC_ARC = YES;
				CLANG_WARN_BOOL_CONVERSION = YES;
				CLANG_WARN_CONSTANT_CONVERSION = YES;
				CLANG_WARN_DIRECT_OBJC_ISA_USAGE = YES_ERROR;
				CLANG_WARN_EMPTY_BODY = YES;
				CLANG_WARN_ENUM_CONVERSION = YES;
				CLANG_WARN_INT_CONVERSION = YES;
				CLANG_WARN_OBJC_ROOT_CLASS = YES_ERROR;
				CLANG_WARN_UNREACHABLE_CODE = YES;
				CLANG_WARN__DUPLICATE_METHOD_MATCH = YES;
				"CODE_SIGN_IDENTITY[sdk=iphoneos*]" = "iPhone Developer";
				COPY_PHASE_STRIP = NO;
				DEBUG_INFORMATION_FORMAT = "dwarf-with-dsym";
				ENABLE_NS_ASSERTIONS = NO;
				ENABLE_STRICT_OBJC_MSGSEND = YES;
				GCC_C_LANGUAGE_STANDARD = gnu99;
				GCC_NO_COMMON_BLOCKS = YES;
				GCC_WARN_64_TO_32_BIT_CONVERSION = YES;
				GCC_WARN_ABOUT_RETURN_TYPE = YES_ERROR;
				GCC_WARN_UNDECLARED_SELECTOR = YES;
				GCC_WARN_UNINITIALIZED_AUTOS = YES_AGGRESSIVE;
				GCC_WARN_UNUSED_FUNCTION = YES;
				GCC_WARN_UNUSED_VARIABLE = YES;
				IPHONEOS_DEPLOYMENT_TARGET = 8.3;
				MTL_ENABLE_DEBUG_INFO = NO;
				SDKROOT = iphoneos;
				VALIDATE_PRODUCT = YES;
			};
			name = Release;
		};
		B85715DD1B13D68F0098B8AC /* Debug */ = {
			isa = XCBuildConfiguration;
			buildSettings = {
				ASSETCATALOG_COMPILER_APPICON_NAME = AppIcon;
				INFOPLIST_FILE = war/Info.plist;
				LD_RUNPATH_SEARCH_PATHS = "$(inherited) @executable_path/Frameworks";
				PRODUCT_NAME = "$(TARGET_NAME)";
			};
			name = Debug;
		};
		B85715DE1B13D68F0098B8AC /* Release */ = {
			isa = XCBuildConfiguration;
			buildSettings = {
				ASSETCATALOG_COMPILER_APPICON_NAME = AppIcon;
				INFOPLIST_FILE = war/Info.plist;
				LD_RUNPATH_SEARCH_PATHS = "$(inherited) @executable_path/Frameworks";
				PRODUCT_NAME = "$(TARGET_NAME)";
			};
			name = Release;
		};
		B85715E01B13D68F0098B8AC /* Debug */ = {
			isa = XCBuildConfiguration;
			buildSettings = {
				BUNDLE_LOADER = "$(TEST_HOST)";
				FRAMEWORK_SEARCH_PATHS = (
					"$(SDKROOT)/Developer/Library/Frameworks",
					"$(inherited)",
				);
				GCC_PREPROCESSOR_DEFINITIONS = (
					"DEBUG=1",
					"$(inherited)",
				);
				INFOPLIST_FILE = warTests/Info.plist;
				LD_RUNPATH_SEARCH_PATHS = "$(inherited) @executable_path/Frameworks @loader_path/Frameworks";
				PRODUCT_NAME = "$(TARGET_NAME)";
				TEST_HOST = "$(BUILT_PRODUCTS_DIR)/war.app/war";
			};
			name = Debug;
		};
		B85715E11B13D68F0098B8AC /* Release */ = {
			isa = XCBuildConfiguration;
			buildSettings = {
				BUNDLE_LOADER = "$(TEST_HOST)";
				FRAMEWORK_SEARCH_PATHS = (
					"$(SDKROOT)/Developer/Library/Frameworks",
					"$(inherited)",
				);
				INFOPLIST_FILE = warTests/Info.plist;
				LD_RUNPATH_SEARCH_PATHS = "$(inherited) @executable_path/Frameworks @loader_path/Frameworks";
				PRODUCT_NAME = "$(TARGET_NAME)";
				TEST_HOST = "$(BUILT_PRODUCTS_DIR)/war.app/war";
			};
			name = Release;
		};
/* End XCBuildConfiguration section */

/* Begin XCConfigurationList section */
		B85715B81B13D68F0098B8AC /* Build configuration list for PBXProject "war" */ = {
			isa = XCConfigurationList;
			buildConfigurations = (
				B85715DA1B13D68F0098B8AC /* Debug */,
				B85715DB1B13D68F0098B8AC /* Release */,
			);
			defaultConfigurationIsVisible = 0;
			defaultConfigurationName = Release;
		};
		B85715DC1B13D68F0098B8AC /* Build configuration list for PBXNativeTarget "war" */ = {
			isa = XCConfigurationList;
			buildConfigurations = (
				B85715DD1B13D68F0098B8AC /* Debug */,
				B85715DE1B13D68F0098B8AC /* Release */,
			);
			defaultConfigurationIsVisible = 0;
		};
		B85715DF1B13D68F0098B8AC /* Build configuration list for PBXNativeTarget "warTests" */ = {
			isa = XCConfigurationList;
			buildConfigurations = (
				B85715E01B13D68F0098B8AC /* Debug */,
				B85715E11B13D68F0098B8AC /* Release */,
			);
			defaultConfigurationIsVisible = 0;
		};
/* End XCConfigurationList section */
	};
	rootObject = B85715B51B13D68F0098B8AC /* Project object */;
}
